<?xml version="1.0" encoding="utf-8"?>
<Project ToolsVersion="17.0" xmlns="http://schemas.microsoft.com/developer/msbuild/2003">
  <ItemGroup>
    <ClCompile Include="C:\Users\Marle\Documents\voxelcraft\VoxelCraft\VoxelCraft.cpp">
      <Filter>Source Files</Filter>
    </ClCompile>
  </ItemGroup>
  <ItemGroup>
    <ClInclude Include="C:\Users\Marle\Documents\voxelcraft\VoxelCraft\VoxelCraft.h">
      <Filter>Header Files</Filter>
    </ClInclude>
  </ItemGroup>
  <ItemGroup>
    <CustomBuild Include="C:\Users\Marle\Documents\voxelcraft\VoxelCraft\CMakeLists.txt" />
  </ItemGroup>
  <ItemGroup>
    <Filter Include="Header Files">
      <UniqueIdentifier>{08FF6720-2C2E-3539-B5A8-C107608699ED}</UniqueIdentifier>
    </Filter>
    <Filter Include="Source Files">
      <UniqueIdentifier>{932A61D6-429E-3C6F-883D-9A46817939C1}</UniqueIdentifier>
    </Filter>
  </ItemGroup>
</Project>
